
Microsoft Visual Studio Solution File, Format Version 12.00
# Visual Studio Version 16
VisualStudioVersion = 16.0.29926.136
MinimumVisualStudioVersion = 10.0.40219.1
Project("{FAE04EC0-301F-11D3-BF4B-00C04F79EFBC}") = "LoadBalancing", "LoadBalancing.csproj", "{3362A266-DB09-4D45-B5CB-A49192CF02D3}"
EndProject
Global
	GlobalSection(SolutionConfigurationPlatforms) = preSolution
		Debug|Any CPU = Debug|Any CPU
		Release|Any CPU = Release|Any CPU
	EndGlobalSection
	GlobalSection(ProjectConfigurationPlatforms) = postSolution
		{3362A266-DB09-4D45-B5CB-A49192CF02D3}.Debug|Any CPU.ActiveCfg = Debug|Any CPU
		{3362A266-DB09-4D45-B5CB-A49192CF02D3}.Debug|Any CPU.Build.0 = Debug|Any CPU
		{3362A266-DB09-4D45-B5CB-A49192CF02D3}.Release|Any CPU.ActiveCfg = Release|Any CPU
		{3362A266-DB09-4D45-B5CB-A49192CF02D3}.Release|Any CPU.Build.0 = Release|Any CPU
	EndGlobalSection
	GlobalSection(SolutionProperties) = preSolution
		HideSolutionNode = FALSE
	EndGlobalSection
	GlobalSection(ExtensibilityGlobals) = postSolution
		SolutionGuid = {1D086A66-6460-43F4-84A8-697372C7ABB1}
	EndGlobalSection
EndGlobal
