
Microsoft Visual Studio Solution File, Format Version 12.00
# Visual Studio Version 16
VisualStudioVersion = 16.0.29926.136
MinimumVisualStudioVersion = 10.0.40219.1
Project("{FAE04EC0-301F-11D3-BF4B-00C04F79EFBC}") = "Test2", "Test2.csproj", "{A2F1D23F-4147-46D0-B419-4FF03B825356}"
EndProject
Global
	GlobalSection(SolutionConfigurationPlatforms) = preSolution
		Debug|Any CPU = Debug|Any CPU
		Release|Any CPU = Release|Any CPU
	EndGlobalSection
	GlobalSection(ProjectConfigurationPlatforms) = postSolution
		{A2F1D23F-4147-46D0-B419-4FF03B825356}.Debug|Any CPU.ActiveCfg = Debug|Any CPU
		{A2F1D23F-4147-46D0-B419-4FF03B825356}.Debug|Any CPU.Build.0 = Debug|Any CPU
		{A2F1D23F-4147-46D0-B419-4FF03B825356}.Release|Any CPU.ActiveCfg = Release|Any CPU
		{A2F1D23F-4147-46D0-B419-4FF03B825356}.Release|Any CPU.Build.0 = Release|Any CPU
	EndGlobalSection
	GlobalSection(SolutionProperties) = preSolution
		HideSolutionNode = FALSE
	EndGlobalSection
	GlobalSection(ExtensibilityGlobals) = postSolution
		SolutionGuid = {69433FD8-BEC0-4B32-9AE7-CCA01773FC50}
	EndGlobalSection
EndGlobal
